
Microsoft Visual Studio Solution File, Format Version 12.00
# Visual Studio Version 17
VisualStudioVersion = 17.10.34607.79
MinimumVisualStudioVersion = 10.0.40219.1
Project("{9A19103F-16F7-4668-BE54-9A1E7A4F7556}") = "Maytinh", "baitaplithuyet\Maytinh.csproj", "{959C71DE-D7BB-4966-8DBB-044C3A892E6F}"
EndProject
Global
	GlobalSection(SolutionConfigurationPlatforms) = preSolution
		Debug|Any CPU = Debug|Any CPU
		Release|Any CPU = Release|Any CPU
	EndGlobalSection
	GlobalSection(ProjectConfigurationPlatforms) = postSolution
		{959C71DE-D7BB-4966-8DBB-044C3A892E6F}.Debug|Any CPU.ActiveCfg = Debug|Any CPU
		{959C71DE-D7BB-4966-8DBB-044C3A892E6F}.Debug|Any CPU.Build.0 = Debug|Any CPU
		{959C71DE-D7BB-4966-8DBB-044C3A892E6F}.Release|Any CPU.ActiveCfg = Release|Any CPU
		{959C71DE-D7BB-4966-8DBB-044C3A892E6F}.Release|Any CPU.Build.0 = Release|Any CPU
	EndGlobalSection
	GlobalSection(SolutionProperties) = preSolution
		HideSolutionNode = FALSE
	EndGlobalSection
	GlobalSection(ExtensibilityGlobals) = postSolution
		SolutionGuid = {C3F83F2C-B5E5-41C5-9BC8-89CC6EBE6CDD}
	EndGlobalSection
EndGlobal
