
Microsoft Visual Studio Solution File, Format Version 12.00
# Visual Studio Version 17
VisualStudioVersion = 17.10.34607.79
MinimumVisualStudioVersion = 10.0.40219.1
Project("{FAE04EC0-301F-11D3-BF4B-00C04F79EFBC}") = "Maytinh", "Maytinh\Maytinh.csproj", "{20FD6132-E17E-4C9A-A223-A908798536DD}"
EndProject
Global
	GlobalSection(SolutionConfigurationPlatforms) = preSolution
		Debug|Any CPU = Debug|Any CPU
		Release|Any CPU = Release|Any CPU
	EndGlobalSection
	GlobalSection(ProjectConfigurationPlatforms) = postSolution
		{20FD6132-E17E-4C9A-A223-A908798536DD}.Debug|Any CPU.ActiveCfg = Debug|Any CPU
		{20FD6132-E17E-4C9A-A223-A908798536DD}.Debug|Any CPU.Build.0 = Debug|Any CPU
		{20FD6132-E17E-4C9A-A223-A908798536DD}.Release|Any CPU.ActiveCfg = Release|Any CPU
		{20FD6132-E17E-4C9A-A223-A908798536DD}.Release|Any CPU.Build.0 = Release|Any CPU
	EndGlobalSection
	GlobalSection(SolutionProperties) = preSolution
		HideSolutionNode = FALSE
	EndGlobalSection
	GlobalSection(ExtensibilityGlobals) = postSolution
		SolutionGuid = {16EC0229-CA10-43D9-A384-D5E4C93221C2}
	EndGlobalSection
EndGlobal
